PODS:
  - Capacitor (7.6.8):
    - CapacitorCordova
  - CapacitorCordova (7.6.8)
  - CapacitorPreferences (7.0.4):
    - Capacitor
  - PurchasesHybridCommon (17.25.0):
    - RevenueCat (= 5.51.1)
  - PurchasesHybridCommonUI (17.25.0):
    - PurchasesHybridCommon (= 17.25.0)
    - RevenueCatUI (= 5.51.1)
  - RevenueCat (5.51.1)
  - RevenuecatPurchasesCapacitor (11.3.2):
    - Capacitor
    - PurchasesHybridCommon (= 17.25.0)
  - RevenuecatPurchasesCapacitorUi (11.3.2):
    - Capacitor
    - PurchasesHybridCommonUI (= 17.25.0)
  - RevenueCatUI (5.51.1):
    - RevenueCat (= 5.51.1)

DEPENDENCIES:
  - "Capacitor (from `../../node_modules/@capacitor/ios`)"
  - "CapacitorCordova (from `../../node_modules/@capacitor/ios`)"
  - "CapacitorPreferences (from `../../node_modules/@capacitor/preferences`)"
  - "RevenuecatPurchasesCapacitor (from `../../node_modules/@revenuecat/purchases-capacitor`)"
  - "RevenuecatPurchasesCapacitorUi (from `../../node_modules/@revenuecat/purchases-capacitor-ui`)"

SPEC REPOS:
  trunk:
    - PurchasesHybridCommon
    - PurchasesHybridCommonUI
    - RevenueCat
    - RevenueCatUI

EXTERNAL SOURCES:
  Capacitor:
    :path: "../../node_modules/@capacitor/ios"
  CapacitorCordova:
    :path: "../../node_modules/@capacitor/ios"
  CapacitorPreferences:
    :path: "../../node_modules/@capacitor/preferences"
  RevenuecatPurchasesCapacitor:
    :path: "../../node_modules/@revenuecat/purchases-capacitor"
  RevenuecatPurchasesCapacitorUi:
    :path: "../../node_modules/@revenuecat/purchases-capacitor-ui"

SPEC CHECKSUMS:
  Capacitor: ff6bf01336ac353098378828aff465095a89e459
  CapacitorCordova: e61ee8c40101b8cd011d0224261606a290c082cf
  CapacitorPreferences: 69d9991307507aeab8ef8019c10b9babfda0e9ca
  PurchasesHybridCommon: 6a79a873ab52f777bfa36e9516f3fcd84d3b3428
  PurchasesHybridCommonUI: 3c1f78addfb3f470713548b4eac8c59254d0efe6
  RevenueCat: eab035bbab271faccfef5c36eaff2a1ffef14dc0
  RevenuecatPurchasesCapacitor: fa376932f9967c7ab4b5eac477e824d90393b91a
  RevenuecatPurchasesCapacitorUi: 969baeb81228e051e2b9e3e764f86f577e73a4b9
  RevenueCatUI: c6acb3648fa58ccb4f0f178556ed0278b796234f

PODFILE CHECKSUM: 0dbbe91e69e3da3ae8e6797bb0596411a07ad467

COCOAPODS: 1.17.0
